
Microsoft Visual Studio Solution File, Format Version 12.00
# Visual Studio Version 17
VisualStudioVersion = 17.1.32328.378
MinimumVisualStudioVersion = 10.0.40219.1
Project("{FAE04EC0-301F-11D3-BF4B-00C04F79EFBC}") = "sample1", "sample1\sample1.csproj", "{2C81C7C1-2B8D-41ED-909B-919064162CDB}"
EndProject
Global
	GlobalSection(SolutionConfigurationPlatforms) = preSolution
		Debug|Any CPU = Debug|Any CPU
		Release|Any CPU = Release|Any CPU
	EndGlobalSection
	GlobalSection(ProjectConfigurationPlatforms) = postSolution
		{2C81C7C1-2B8D-41ED-909B-919064162CDB}.Debug|Any CPU.ActiveCfg = Debug|Any CPU
		{2C81C7C1-2B8D-41ED-909B-919064162CDB}.Debug|Any CPU.Build.0 = Debug|Any CPU
		{2C81C7C1-2B8D-41ED-909B-919064162CDB}.Release|Any CPU.ActiveCfg = Release|Any CPU
		{2C81C7C1-2B8D-41ED-909B-919064162CDB}.Release|Any CPU.Build.0 = Release|Any CPU
	EndGlobalSection
	GlobalSection(SolutionProperties) = preSolution
		HideSolutionNode = FALSE
	EndGlobalSection
	GlobalSection(ExtensibilityGlobals) = postSolution
		SolutionGuid = {16B4CBC1-FD68-4B68-9688-93F26AF451AA}
	EndGlobalSection
EndGlobal
