
Microsoft Visual Studio Solution File, Format Version 12.00
# Visual Studio Version 17
VisualStudioVersion = 17.1.32328.378
MinimumVisualStudioVersion = 10.0.40219.1
Project("{FAE04EC0-301F-11D3-BF4B-00C04F79EFBC}") = "LectureTimeTable", "LectureTimeTable.csproj", "{638A41C1-4E54-43BC-A74E-2A37DD223621}"
EndProject
Global
	GlobalSection(SolutionConfigurationPlatforms) = preSolution
		Debug|Any CPU = Debug|Any CPU
		Release|Any CPU = Release|Any CPU
	EndGlobalSection
	GlobalSection(ProjectConfigurationPlatforms) = postSolution
		{638A41C1-4E54-43BC-A74E-2A37DD223621}.Debug|Any CPU.ActiveCfg = Debug|Any CPU
		{638A41C1-4E54-43BC-A74E-2A37DD223621}.Debug|Any CPU.Build.0 = Debug|Any CPU
		{638A41C1-4E54-43BC-A74E-2A37DD223621}.Release|Any CPU.ActiveCfg = Release|Any CPU
		{638A41C1-4E54-43BC-A74E-2A37DD223621}.Release|Any CPU.Build.0 = Release|Any CPU
	EndGlobalSection
	GlobalSection(SolutionProperties) = preSolution
		HideSolutionNode = FALSE
	EndGlobalSection
	GlobalSection(ExtensibilityGlobals) = postSolution
		SolutionGuid = {6EDDB9F2-6962-45E9-A423-AB57ABC6AEA0}
	EndGlobalSection
EndGlobal
